
Microsoft Visual Studio Solution File, Format Version 12.00
# Visual Studio Version 17
VisualStudioVersion = 17.9.34723.18
MinimumVisualStudioVersion = 10.0.40219.1
Project("{FAE04EC0-301F-11D3-BF4B-00C04F79EFBC}") = "Marvel_Application", "Marvel_Application\Marvel_Application.csproj", "{A15684F6-C2D6-4FC3-88EC-170C9A6931FF}"
EndProject
Project("{FAE04EC0-301F-11D3-BF4B-00C04F79EFBC}") = "Marvel_Application.Tests", "Marvel_Application.Tests\Marvel_Application.Tests.csproj", "{7DBE1A29-4405-4868-BD15-F337DA934C16}"
EndProject
Project("{FAE04EC0-301F-11D3-BF4B-00C04F79EFBC}") = "Algorithms", "Algorithms\Algorithms.csproj", "{7AAAD29F-65B5-4E0F-8140-A183DA032B62}"
EndProject
Global
	GlobalSection(SolutionConfigurationPlatforms) = preSolution
		Debug|Any CPU = Debug|Any CPU
		Release|Any CPU = Release|Any CPU
	EndGlobalSection
	GlobalSection(ProjectConfigurationPlatforms) = postSolution
		{A15684F6-C2D6-4FC3-88EC-170C9A6931FF}.Debug|Any CPU.ActiveCfg = Debug|Any CPU
		{A15684F6-C2D6-4FC3-88EC-170C9A6931FF}.Debug|Any CPU.Build.0 = Debug|Any CPU
		{A15684F6-C2D6-4FC3-88EC-170C9A6931FF}.Release|Any CPU.ActiveCfg = Release|Any CPU
		{A15684F6-C2D6-4FC3-88EC-170C9A6931FF}.Release|Any CPU.Build.0 = Release|Any CPU
		{7DBE1A29-4405-4868-BD15-F337DA934C16}.Debug|Any CPU.ActiveCfg = Debug|Any CPU
		{7DBE1A29-4405-4868-BD15-F337DA934C16}.Debug|Any CPU.Build.0 = Debug|Any CPU
		{7DBE1A29-4405-4868-BD15-F337DA934C16}.Release|Any CPU.ActiveCfg = Release|Any CPU
		{7DBE1A29-4405-4868-BD15-F337DA934C16}.Release|Any CPU.Build.0 = Release|Any CPU
		{7AAAD29F-65B5-4E0F-8140-A183DA032B62}.Debug|Any CPU.ActiveCfg = Debug|Any CPU
		{7AAAD29F-65B5-4E0F-8140-A183DA032B62}.Debug|Any CPU.Build.0 = Debug|Any CPU
		{7AAAD29F-65B5-4E0F-8140-A183DA032B62}.Release|Any CPU.ActiveCfg = Release|Any CPU
		{7AAAD29F-65B5-4E0F-8140-A183DA032B62}.Release|Any CPU.Build.0 = Release|Any CPU
	EndGlobalSection
	GlobalSection(SolutionProperties) = preSolution
		HideSolutionNode = FALSE
	EndGlobalSection
	GlobalSection(ExtensibilityGlobals) = postSolution
		SolutionGuid = {FC0920E4-0AFF-4CD4-87D3-F7A7554DBFE5}
	EndGlobalSection
EndGlobal
